
Microsoft Visual Studio Solution File, Format Version 12.00
# Visual Studio Version 16
VisualStudioVersion = 16.0.32228.343
MinimumVisualStudioVersion = 10.0.40219.1
Project("{FAE04EC0-301F-11D3-BF4B-00C04F79EFBC}") = "final", "final\final.csproj", "{315C4174-1FBC-43D4-932C-D9985117917C}"
EndProject
Global
	GlobalSection(SolutionConfigurationPlatforms) = preSolution
		Debug|Any CPU = Debug|Any CPU
		Release|Any CPU = Release|Any CPU
	EndGlobalSection
	GlobalSection(ProjectConfigurationPlatforms) = postSolution
		{315C4174-1FBC-43D4-932C-D9985117917C}.Debug|Any CPU.ActiveCfg = Debug|Any CPU
		{315C4174-1FBC-43D4-932C-D9985117917C}.Debug|Any CPU.Build.0 = Debug|Any CPU
		{315C4174-1FBC-43D4-932C-D9985117917C}.Release|Any CPU.ActiveCfg = Release|Any CPU
		{315C4174-1FBC-43D4-932C-D9985117917C}.Release|Any CPU.Build.0 = Release|Any CPU
	EndGlobalSection
	GlobalSection(SolutionProperties) = preSolution
		HideSolutionNode = FALSE
	EndGlobalSection
	GlobalSection(ExtensibilityGlobals) = postSolution
		SolutionGuid = {D2B6DFB3-1AE2-463D-9573-FF5FB771E990}
	EndGlobalSection
EndGlobal
